
Microsoft Visual Studio Solution File, Format Version 12.00
# Visual Studio Version 17
VisualStudioVersion = 17.0.32112.339
MinimumVisualStudioVersion = 10.0.40219.1
Project("{FAE04EC0-301F-11D3-BF4B-00C04F79EFBC}") = "DataBase", "DataBase.csproj", "{ACB35D9D-34AB-4084-A05F-F626AD242313}"
EndProject
Global
	GlobalSection(SolutionConfigurationPlatforms) = preSolution
		Debug|Any CPU = Debug|Any CPU
		Release|Any CPU = Release|Any CPU
	EndGlobalSection
	GlobalSection(ProjectConfigurationPlatforms) = postSolution
		{ACB35D9D-34AB-4084-A05F-F626AD242313}.Debug|Any CPU.ActiveCfg = Debug|Any CPU
		{ACB35D9D-34AB-4084-A05F-F626AD242313}.Debug|Any CPU.Build.0 = Debug|Any CPU
		{ACB35D9D-34AB-4084-A05F-F626AD242313}.Release|Any CPU.ActiveCfg = Release|Any CPU
		{ACB35D9D-34AB-4084-A05F-F626AD242313}.Release|Any CPU.Build.0 = Release|Any CPU
	EndGlobalSection
	GlobalSection(SolutionProperties) = preSolution
		HideSolutionNode = FALSE
	EndGlobalSection
	GlobalSection(ExtensibilityGlobals) = postSolution
		SolutionGuid = {74666BFD-2B90-484D-A523-E01A702B9ACD}
	EndGlobalSection
EndGlobal
